
Microsoft Visual Studio Solution File, Format Version 12.00
# Visual Studio Version 17
VisualStudioVersion = 17.2.32516.85
MinimumVisualStudioVersion = 10.0.40219.1
Project("{FAE04EC0-301F-11D3-BF4B-00C04F79EFBC}") = "Lab1", "Lab1.csproj", "{00C8C726-029E-4E08-9A6E-FEA8525C3B20}"
EndProject
Global
	GlobalSection(SolutionConfigurationPlatforms) = preSolution
		Debug|Any CPU = Debug|Any CPU
		Release|Any CPU = Release|Any CPU
	EndGlobalSection
	GlobalSection(ProjectConfigurationPlatforms) = postSolution
		{00C8C726-029E-4E08-9A6E-FEA8525C3B20}.Debug|Any CPU.ActiveCfg = Debug|Any CPU
		{00C8C726-029E-4E08-9A6E-FEA8525C3B20}.Debug|Any CPU.Build.0 = Debug|Any CPU
		{00C8C726-029E-4E08-9A6E-FEA8525C3B20}.Release|Any CPU.ActiveCfg = Release|Any CPU
		{00C8C726-029E-4E08-9A6E-FEA8525C3B20}.Release|Any CPU.Build.0 = Release|Any CPU
	EndGlobalSection
	GlobalSection(SolutionProperties) = preSolution
		HideSolutionNode = FALSE
	EndGlobalSection
	GlobalSection(ExtensibilityGlobals) = postSolution
		SolutionGuid = {F7EBE23F-48CD-4F3C-8566-CD79550B5945}
	EndGlobalSection
EndGlobal
